
Microsoft Visual Studio Solution File, Format Version 12.00
# Visual Studio Version 16
VisualStudioVersion = 16.0.30225.117
MinimumVisualStudioVersion = 10.0.40219.1
Project("{FAE04EC0-301F-11D3-BF4B-00C04F79EFBC}") = "WindowsFormsApp127", "WindowsFormsApp127\WindowsFormsApp127.csproj", "{B1CD92DC-280B-45EF-8ECA-2635CDC62DBE}"
EndProject
Global
	GlobalSection(SolutionConfigurationPlatforms) = preSolution
		Debug|Any CPU = Debug|Any CPU
		Release|Any CPU = Release|Any CPU
	EndGlobalSection
	GlobalSection(ProjectConfigurationPlatforms) = postSolution
		{B1CD92DC-280B-45EF-8ECA-2635CDC62DBE}.Debug|Any CPU.ActiveCfg = Debug|Any CPU
		{B1CD92DC-280B-45EF-8ECA-2635CDC62DBE}.Debug|Any CPU.Build.0 = Debug|Any CPU
		{B1CD92DC-280B-45EF-8ECA-2635CDC62DBE}.Release|Any CPU.ActiveCfg = Release|Any CPU
		{B1CD92DC-280B-45EF-8ECA-2635CDC62DBE}.Release|Any CPU.Build.0 = Release|Any CPU
	EndGlobalSection
	GlobalSection(SolutionProperties) = preSolution
		HideSolutionNode = FALSE
	EndGlobalSection
	GlobalSection(ExtensibilityGlobals) = postSolution
		SolutionGuid = {F7A12C03-6D92-4EA6-B090-8F829F1E3A78}
	EndGlobalSection
EndGlobal
